
Microsoft Visual Studio Solution File, Format Version 12.00
# Visual Studio Version 16
VisualStudioVersion = 16.0.30517.126
MinimumVisualStudioVersion = 10.0.40219.1
Project("{FAE04EC0-301F-11D3-BF4B-00C04F79EFBC}") = "RentalKendaraan_NIM", "RentalKendaraan_NIM.csproj", "{48CA4B0A-B3C0-4AA2-AA7E-DB8C2225CF1E}"
EndProject
Global
	GlobalSection(SolutionConfigurationPlatforms) = preSolution
		Debug|Any CPU = Debug|Any CPU
		Release|Any CPU = Release|Any CPU
	EndGlobalSection
	GlobalSection(ProjectConfigurationPlatforms) = postSolution
		{48CA4B0A-B3C0-4AA2-AA7E-DB8C2225CF1E}.Debug|Any CPU.ActiveCfg = Debug|Any CPU
		{48CA4B0A-B3C0-4AA2-AA7E-DB8C2225CF1E}.Debug|Any CPU.Build.0 = Debug|Any CPU
		{48CA4B0A-B3C0-4AA2-AA7E-DB8C2225CF1E}.Release|Any CPU.ActiveCfg = Release|Any CPU
		{48CA4B0A-B3C0-4AA2-AA7E-DB8C2225CF1E}.Release|Any CPU.Build.0 = Release|Any CPU
	EndGlobalSection
	GlobalSection(SolutionProperties) = preSolution
		HideSolutionNode = FALSE
	EndGlobalSection
	GlobalSection(ExtensibilityGlobals) = postSolution
		SolutionGuid = {E5F7DC38-77B4-44D9-98A8-61A6DFD2AA6E}
	EndGlobalSection
EndGlobal
